
Microsoft Visual Studio Solution File, Format Version 12.00
# Visual Studio Version 16
VisualStudioVersion = 16.0.30711.63
MinimumVisualStudioVersion = 10.0.40219.1
Project("{9A19103F-16F7-4668-BE54-9A1E7A4F7556}") = "FactoryDemo", "DesignPatterns\FactoryDemo.csproj", "{71763B9F-E4E0-49FB-A632-4075C6D140F2}"
EndProject
Project("{2150E333-8FDC-42A3-9474-1A3956D46DE8}") = "Creational", "Creational", "{FCEE1F1A-785F-4B28-A165-A1102F570DBB}"
EndProject
Project("{2150E333-8FDC-42A3-9474-1A3956D46DE8}") = "Structural", "Structural", "{9DF07768-E2D2-45CB-A7B0-E8738B65F642}"
EndProject
Project("{2150E333-8FDC-42A3-9474-1A3956D46DE8}") = "Behavioral", "Behavioral", "{DF94BA68-3617-43AB-B977-B943666756C9}"
EndProject
Project("{2150E333-8FDC-42A3-9474-1A3956D46DE8}") = "Factory", "Factory", "{050C2083-22DB-420D-A317-A4303228F4FB}"
EndProject
Project("{2150E333-8FDC-42A3-9474-1A3956D46DE8}") = "Abstract Factory", "Abstract Factory", "{CD33DCD6-2F1A-436A-947B-45D4A9CD7521}"
EndProject
Project("{9A19103F-16F7-4668-BE54-9A1E7A4F7556}") = "AbstractFactoryDemo", "AbstractFactory\AbstractFactoryDemo.csproj", "{D84778EA-5B2F-48E0-9155-810BC174BA45}"
EndProject
Project("{2150E333-8FDC-42A3-9474-1A3956D46DE8}") = "Singleton", "Singleton", "{84FE1037-A255-49B6-9538-360F1FF487F7}"
EndProject
Project("{9A19103F-16F7-4668-BE54-9A1E7A4F7556}") = "SingletonDemo", "SingletonDemo\SingletonDemo.csproj", "{6FE4F56E-566E-4AB3-AE81-61D1C9DE2CA1}"
EndProject
Project("{2150E333-8FDC-42A3-9474-1A3956D46DE8}") = "Builder", "Builder", "{0006035F-9AC7-4070-9176-1FF5F322380D}"
EndProject
Project("{9A19103F-16F7-4668-BE54-9A1E7A4F7556}") = "BuilderDemo", "BuilderDemo\BuilderDemo.csproj", "{27E15436-0467-4B7F-96DE-D1DAC59F5746}"
EndProject
Project("{2150E333-8FDC-42A3-9474-1A3956D46DE8}") = "Prototype", "Prototype", "{97759637-36F9-4FF4-A878-D9FA908E45FE}"
EndProject
Project("{9A19103F-16F7-4668-BE54-9A1E7A4F7556}") = "PrototypeDemo", "PrototypeDemo\PrototypeDemo.csproj", "{E32733A7-D228-45FA-8515-B07E1D9DE869}"
EndProject
Project("{2150E333-8FDC-42A3-9474-1A3956D46DE8}") = "Adapter", "Adapter", "{09467F29-C79F-4D4C-B48A-52287C705C8C}"
EndProject
Project("{9A19103F-16F7-4668-BE54-9A1E7A4F7556}") = "AdapterDemo", "AdapterDemo\AdapterDemo.csproj", "{D2B04B1A-2A04-4FC7-A49F-5479EF661926}"
EndProject
Project("{2150E333-8FDC-42A3-9474-1A3956D46DE8}") = "Bridge", "Bridge", "{FEEE2313-F32D-473C-9C6D-7670EA087A1B}"
EndProject
Project("{9A19103F-16F7-4668-BE54-9A1E7A4F7556}") = "BridgeDemo", "BridgeDemo\BridgeDemo.csproj", "{E7EA6917-A5F4-4868-BEDC-D78F7241A618}"
EndProject
Project("{2150E333-8FDC-42A3-9474-1A3956D46DE8}") = "Filter", "Filter", "{66AEDE37-9BE4-4721-9CB5-28AC2694CA35}"
EndProject
Project("{9A19103F-16F7-4668-BE54-9A1E7A4F7556}") = "FilterDemo", "FilterDemo\FilterDemo.csproj", "{A659443A-AEEF-4D89-9AFE-ECA0D271D1F8}"
EndProject
Project("{2150E333-8FDC-42A3-9474-1A3956D46DE8}") = "Composite", "Composite", "{0D5D9BAC-4BEC-4A8C-865A-BBFFF3871E5F}"
EndProject
Project("{9A19103F-16F7-4668-BE54-9A1E7A4F7556}") = "CompositeDemo", "CompositeDemo\CompositeDemo.csproj", "{44DEA158-2DF8-4274-A18C-34E26E3F09E9}"
EndProject
Project("{2150E333-8FDC-42A3-9474-1A3956D46DE8}") = "Decorator", "Decorator", "{FB6EC13D-78E5-47B0-9406-42E1662B3893}"
EndProject
Project("{9A19103F-16F7-4668-BE54-9A1E7A4F7556}") = "DecoratorDemo", "DecoratorDemo\DecoratorDemo.csproj", "{37983778-8A58-4D09-8C2E-EC65567BBB2A}"
EndProject
Project("{2150E333-8FDC-42A3-9474-1A3956D46DE8}") = "Facade", "Facade", "{FD99D84B-2955-444D-A0AF-0C7C79026897}"
EndProject
Project("{9A19103F-16F7-4668-BE54-9A1E7A4F7556}") = "FacadeDemo", "FacadeDemo\FacadeDemo.csproj", "{570EF3A7-D833-4F86-9363-758FD2C9D9D5}"
EndProject
Project("{2150E333-8FDC-42A3-9474-1A3956D46DE8}") = "Flyweight", "Flyweight", "{152BB2B9-DC3F-4481-B7D2-2C70B20487F1}"
EndProject
Project("{9A19103F-16F7-4668-BE54-9A1E7A4F7556}") = "FlyweightDemo", "FlyweightDemo\FlyweightDemo.csproj", "{46368D1D-2C58-4D90-ACCF-C203C271E905}"
EndProject
Project("{2150E333-8FDC-42A3-9474-1A3956D46DE8}") = "Proxy", "Proxy", "{81F88B90-B017-44BC-A9A6-7373A4AD3632}"
EndProject
Project("{9A19103F-16F7-4668-BE54-9A1E7A4F7556}") = "ProxyDemo", "ProxyDemo\ProxyDemo.csproj", "{28F1357E-EFE2-470D-AFDE-0E702721BDF1}"
EndProject
Project("{2150E333-8FDC-42A3-9474-1A3956D46DE8}") = "Chain Of Responsibility", "Chain Of Responsibility", "{B625F205-F6BF-41B0-8F38-96E5AF36E077}"
EndProject
Project("{9A19103F-16F7-4668-BE54-9A1E7A4F7556}") = "CORDemo", "CORDemo\CORDemo.csproj", "{69BB4B3D-8819-401A-AA60-E80AC4E704BE}"
EndProject
Project("{2150E333-8FDC-42A3-9474-1A3956D46DE8}") = "Command", "Command", "{7ED83B5E-72DC-4BC7-B359-CAD709C6CA99}"
EndProject
Project("{FAE04EC0-301F-11D3-BF4B-00C04F79EFBC}") = "CommandDemo", "CommandDemo\CommandDemo.csproj", "{4CFA7F73-0C84-493C-BDB7-FCF6D4AEEF8D}"
EndProject
Project("{2150E333-8FDC-42A3-9474-1A3956D46DE8}") = "Interpreter", "Interpreter", "{E6A5891C-DD7C-4605-A9A5-D066B0CED788}"
EndProject
Project("{FAE04EC0-301F-11D3-BF4B-00C04F79EFBC}") = "InterpreterDemo", "InterpreterDemo\InterpreterDemo.csproj", "{3AEAC068-E1B9-417A-A88B-465D305651FA}"
EndProject
Project("{2150E333-8FDC-42A3-9474-1A3956D46DE8}") = "Iterator", "Iterator", "{E0F75021-B756-4CBF-B8B5-230CC6E5B09D}"
EndProject
Project("{FAE04EC0-301F-11D3-BF4B-00C04F79EFBC}") = "IteratorDemo", "IteratorDemo\IteratorDemo.csproj", "{A15B5E82-7130-4266-AD1B-9F679CD4FB67}"
EndProject
Project("{2150E333-8FDC-42A3-9474-1A3956D46DE8}") = "Mediator", "Mediator", "{5A60DB3F-D350-4268-A788-903D691903A0}"
EndProject
Project("{FAE04EC0-301F-11D3-BF4B-00C04F79EFBC}") = "MediatorDemo", "MediatorDemo\MediatorDemo.csproj", "{261356C5-4BBF-4C4C-A7B4-2BD8F9E42A1B}"
EndProject
Project("{2150E333-8FDC-42A3-9474-1A3956D46DE8}") = "Memento", "Memento", "{438FD6F8-E313-41C0-A7AE-D8F14C6A5B02}"
EndProject
Project("{FAE04EC0-301F-11D3-BF4B-00C04F79EFBC}") = "MementoDemo", "MementoDemo\MementoDemo.csproj", "{1E6378D0-5F73-4C30-87EE-B3D68A76B001}"
EndProject
Project("{2150E333-8FDC-42A3-9474-1A3956D46DE8}") = "Observer", "Observer", "{B6768651-3E07-48CF-A107-D79BE74BF908}"
EndProject
Project("{FAE04EC0-301F-11D3-BF4B-00C04F79EFBC}") = "ObserverDemo", "ObserverDemo\ObserverDemo.csproj", "{45D65280-4F94-41B6-87B0-C038D8CBE0C3}"
EndProject
Project("{2150E333-8FDC-42A3-9474-1A3956D46DE8}") = "State", "State", "{59C76E89-B2AC-4F60-977B-A0E82EC78CED}"
EndProject
Project("{FAE04EC0-301F-11D3-BF4B-00C04F79EFBC}") = "StateDemo", "StateDemo\StateDemo.csproj", "{729999FF-F260-4BB8-9CF5-E85FBB4F0D62}"
EndProject
Project("{2150E333-8FDC-42A3-9474-1A3956D46DE8}") = "Null Object", "Null Object", "{8532E4F2-C83E-4CA5-A3C9-9ED3EFE927A6}"
EndProject
Project("{FAE04EC0-301F-11D3-BF4B-00C04F79EFBC}") = "NullObjectDemo", "NullObjectDemo\NullObjectDemo.csproj", "{253660B3-6EC6-48C3-97F3-D6FC6BE54A50}"
EndProject
Project("{2150E333-8FDC-42A3-9474-1A3956D46DE8}") = "Strategy", "Strategy", "{54A6A74C-9C31-483A-9453-5783E811C536}"
EndProject
Project("{2150E333-8FDC-42A3-9474-1A3956D46DE8}") = "Template", "Template", "{C1B67A9C-84CB-46D8-B6B0-57D39766BA63}"
EndProject
Project("{2150E333-8FDC-42A3-9474-1A3956D46DE8}") = "Visitor", "Visitor", "{FE0095C4-B44F-4475-B7E9-F8F46EA08AF8}"
EndProject
Project("{FAE04EC0-301F-11D3-BF4B-00C04F79EFBC}") = "StrategyDemo", "StrategyDemo\StrategyDemo.csproj", "{8704F9EC-5A10-4175-8C0D-D48E7AE20624}"
EndProject
Project("{FAE04EC0-301F-11D3-BF4B-00C04F79EFBC}") = "TemplateDemo", "TemplateDemo\TemplateDemo.csproj", "{A4B9EB68-517B-43CC-B9CE-7D931D397B19}"
EndProject
Project("{FAE04EC0-301F-11D3-BF4B-00C04F79EFBC}") = "VisitorDemo", "VisitorDemo\VisitorDemo.csproj", "{FCCC6FB1-F0F9-4A7F-BCA8-7417F378BC55}"
EndProject
Global
	GlobalSection(SolutionConfigurationPlatforms) = preSolution
		Debug|Any CPU = Debug|Any CPU
		Release|Any CPU = Release|Any CPU
	EndGlobalSection
	GlobalSection(ProjectConfigurationPlatforms) = postSolution
		{71763B9F-E4E0-49FB-A632-4075C6D140F2}.Debug|Any CPU.ActiveCfg = Debug|Any CPU
		{71763B9F-E4E0-49FB-A632-4075C6D140F2}.Debug|Any CPU.Build.0 = Debug|Any CPU
		{71763B9F-E4E0-49FB-A632-4075C6D140F2}.Release|Any CPU.ActiveCfg = Release|Any CPU
		{71763B9F-E4E0-49FB-A632-4075C6D140F2}.Release|Any CPU.Build.0 = Release|Any CPU
		{D84778EA-5B2F-48E0-9155-810BC174BA45}.Debug|Any CPU.ActiveCfg = Debug|Any CPU
		{D84778EA-5B2F-48E0-9155-810BC174BA45}.Debug|Any CPU.Build.0 = Debug|Any CPU
		{D84778EA-5B2F-48E0-9155-810BC174BA45}.Release|Any CPU.ActiveCfg = Release|Any CPU
		{D84778EA-5B2F-48E0-9155-810BC174BA45}.Release|Any CPU.Build.0 = Release|Any CPU
		{6FE4F56E-566E-4AB3-AE81-61D1C9DE2CA1}.Debug|Any CPU.ActiveCfg = Debug|Any CPU
		{6FE4F56E-566E-4AB3-AE81-61D1C9DE2CA1}.Debug|Any CPU.Build.0 = Debug|Any CPU
		{6FE4F56E-566E-4AB3-AE81-61D1C9DE2CA1}.Release|Any CPU.ActiveCfg = Release|Any CPU
		{6FE4F56E-566E-4AB3-AE81-61D1C9DE2CA1}.Release|Any CPU.Build.0 = Release|Any CPU
		{27E15436-0467-4B7F-96DE-D1DAC59F5746}.Debug|Any CPU.ActiveCfg = Debug|Any CPU
		{27E15436-0467-4B7F-96DE-D1DAC59F5746}.Debug|Any CPU.Build.0 = Debug|Any CPU
		{27E15436-0467-4B7F-96DE-D1DAC59F5746}.Release|Any CPU.ActiveCfg = Release|Any CPU
		{27E15436-0467-4B7F-96DE-D1DAC59F5746}.Release|Any CPU.Build.0 = Release|Any CPU
		{E32733A7-D228-45FA-8515-B07E1D9DE869}.Debug|Any CPU.ActiveCfg = Debug|Any CPU
		{E32733A7-D228-45FA-8515-B07E1D9DE869}.Debug|Any CPU.Build.0 = Debug|Any CPU
		{E32733A7-D228-45FA-8515-B07E1D9DE869}.Release|Any CPU.ActiveCfg = Release|Any CPU
		{E32733A7-D228-45FA-8515-B07E1D9DE869}.Release|Any CPU.Build.0 = Release|Any CPU
		{D2B04B1A-2A04-4FC7-A49F-5479EF661926}.Debug|Any CPU.ActiveCfg = Debug|Any CPU
		{D2B04B1A-2A04-4FC7-A49F-5479EF661926}.Debug|Any CPU.Build.0 = Debug|Any CPU
		{D2B04B1A-2A04-4FC7-A49F-5479EF661926}.Release|Any CPU.ActiveCfg = Release|Any CPU
		{D2B04B1A-2A04-4FC7-A49F-5479EF661926}.Release|Any CPU.Build.0 = Release|Any CPU
		{E7EA6917-A5F4-4868-BEDC-D78F7241A618}.Debug|Any CPU.ActiveCfg = Debug|Any CPU
		{E7EA6917-A5F4-4868-BEDC-D78F7241A618}.Debug|Any CPU.Build.0 = Debug|Any CPU
		{E7EA6917-A5F4-4868-BEDC-D78F7241A618}.Release|Any CPU.ActiveCfg = Release|Any CPU
		{E7EA6917-A5F4-4868-BEDC-D78F7241A618}.Release|Any CPU.Build.0 = Release|Any CPU
		{A659443A-AEEF-4D89-9AFE-ECA0D271D1F8}.Debug|Any CPU.ActiveCfg = Debug|Any CPU
		{A659443A-AEEF-4D89-9AFE-ECA0D271D1F8}.Debug|Any CPU.Build.0 = Debug|Any CPU
		{A659443A-AEEF-4D89-9AFE-ECA0D271D1F8}.Release|Any CPU.ActiveCfg = Release|Any CPU
		{A659443A-AEEF-4D89-9AFE-ECA0D271D1F8}.Release|Any CPU.Build.0 = Release|Any CPU
		{44DEA158-2DF8-4274-A18C-34E26E3F09E9}.Debug|Any CPU.ActiveCfg = Debug|Any CPU
		{44DEA158-2DF8-4274-A18C-34E26E3F09E9}.Debug|Any CPU.Build.0 = Debug|Any CPU
		{44DEA158-2DF8-4274-A18C-34E26E3F09E9}.Release|Any CPU.ActiveCfg = Release|Any CPU
		{44DEA158-2DF8-4274-A18C-34E26E3F09E9}.Release|Any CPU.Build.0 = Release|Any CPU
		{37983778-8A58-4D09-8C2E-EC65567BBB2A}.Debug|Any CPU.ActiveCfg = Debug|Any CPU
		{37983778-8A58-4D09-8C2E-EC65567BBB2A}.Debug|Any CPU.Build.0 = Debug|Any CPU
		{37983778-8A58-4D09-8C2E-EC65567BBB2A}.Release|Any CPU.ActiveCfg = Release|Any CPU
		{37983778-8A58-4D09-8C2E-EC65567BBB2A}.Release|Any CPU.Build.0 = Release|Any CPU
		{570EF3A7-D833-4F86-9363-758FD2C9D9D5}.Debug|Any CPU.ActiveCfg = Debug|Any CPU
		{570EF3A7-D833-4F86-9363-758FD2C9D9D5}.Debug|Any CPU.Build.0 = Debug|Any CPU
		{570EF3A7-D833-4F86-9363-758FD2C9D9D5}.Release|Any CPU.ActiveCfg = Release|Any CPU
		{570EF3A7-D833-4F86-9363-758FD2C9D9D5}.Release|Any CPU.Build.0 = Release|Any CPU
		{46368D1D-2C58-4D90-ACCF-C203C271E905}.Debug|Any CPU.ActiveCfg = Debug|Any CPU
		{46368D1D-2C58-4D90-ACCF-C203C271E905}.Debug|Any CPU.Build.0 = Debug|Any CPU
		{46368D1D-2C58-4D90-ACCF-C203C271E905}.Release|Any CPU.ActiveCfg = Release|Any CPU
		{46368D1D-2C58-4D90-ACCF-C203C271E905}.Release|Any CPU.Build.0 = Release|Any CPU
		{28F1357E-EFE2-470D-AFDE-0E702721BDF1}.Debug|Any CPU.ActiveCfg = Debug|Any CPU
		{28F1357E-EFE2-470D-AFDE-0E702721BDF1}.Debug|Any CPU.Build.0 = Debug|Any CPU
		{28F1357E-EFE2-470D-AFDE-0E702721BDF1}.Release|Any CPU.ActiveCfg = Release|Any CPU
		{28F1357E-EFE2-470D-AFDE-0E702721BDF1}.Release|Any CPU.Build.0 = Release|Any CPU
		{69BB4B3D-8819-401A-AA60-E80AC4E704BE}.Debug|Any CPU.ActiveCfg = Debug|Any CPU
		{69BB4B3D-8819-401A-AA60-E80AC4E704BE}.Debug|Any CPU.Build.0 = Debug|Any CPU
		{69BB4B3D-8819-401A-AA60-E80AC4E704BE}.Release|Any CPU.ActiveCfg = Release|Any CPU
		{69BB4B3D-8819-401A-AA60-E80AC4E704BE}.Release|Any CPU.Build.0 = Release|Any CPU
		{4CFA7F73-0C84-493C-BDB7-FCF6D4AEEF8D}.Debug|Any CPU.ActiveCfg = Debug|Any CPU
		{4CFA7F73-0C84-493C-BDB7-FCF6D4AEEF8D}.Debug|Any CPU.Build.0 = Debug|Any CPU
		{4CFA7F73-0C84-493C-BDB7-FCF6D4AEEF8D}.Release|Any CPU.ActiveCfg = Release|Any CPU
		{4CFA7F73-0C84-493C-BDB7-FCF6D4AEEF8D}.Release|Any CPU.Build.0 = Release|Any CPU
		{3AEAC068-E1B9-417A-A88B-465D305651FA}.Debug|Any CPU.ActiveCfg = Debug|Any CPU
		{3AEAC068-E1B9-417A-A88B-465D305651FA}.Debug|Any CPU.Build.0 = Debug|Any CPU
		{3AEAC068-E1B9-417A-A88B-465D305651FA}.Release|Any CPU.ActiveCfg = Release|Any CPU
		{3AEAC068-E1B9-417A-A88B-465D305651FA}.Release|Any CPU.Build.0 = Release|Any CPU
		{A15B5E82-7130-4266-AD1B-9F679CD4FB67}.Debug|Any CPU.ActiveCfg = Debug|Any CPU
		{A15B5E82-7130-4266-AD1B-9F679CD4FB67}.Debug|Any CPU.Build.0 = Debug|Any CPU
		{A15B5E82-7130-4266-AD1B-9F679CD4FB67}.Release|Any CPU.ActiveCfg = Release|Any CPU
		{A15B5E82-7130-4266-AD1B-9F679CD4FB67}.Release|Any CPU.Build.0 = Release|Any CPU
		{261356C5-4BBF-4C4C-A7B4-2BD8F9E42A1B}.Debug|Any CPU.ActiveCfg = Debug|Any CPU
		{261356C5-4BBF-4C4C-A7B4-2BD8F9E42A1B}.Debug|Any CPU.Build.0 = Debug|Any CPU
		{261356C5-4BBF-4C4C-A7B4-2BD8F9E42A1B}.Release|Any CPU.ActiveCfg = Release|Any CPU
		{261356C5-4BBF-4C4C-A7B4-2BD8F9E42A1B}.Release|Any CPU.Build.0 = Release|Any CPU
		{1E6378D0-5F73-4C30-87EE-B3D68A76B001}.Debug|Any CPU.ActiveCfg = Debug|Any CPU
		{1E6378D0-5F73-4C30-87EE-B3D68A76B001}.Debug|Any CPU.Build.0 = Debug|Any CPU
		{1E6378D0-5F73-4C30-87EE-B3D68A76B001}.Release|Any CPU.ActiveCfg = Release|Any CPU
		{1E6378D0-5F73-4C30-87EE-B3D68A76B001}.Release|Any CPU.Build.0 = Release|Any CPU
		{45D65280-4F94-41B6-87B0-C038D8CBE0C3}.Debug|Any CPU.ActiveCfg = Debug|Any CPU
		{45D65280-4F94-41B6-87B0-C038D8CBE0C3}.Debug|Any CPU.Build.0 = Debug|Any CPU
		{45D65280-4F94-41B6-87B0-C038D8CBE0C3}.Release|Any CPU.ActiveCfg = Release|Any CPU
		{45D65280-4F94-41B6-87B0-C038D8CBE0C3}.Release|Any CPU.Build.0 = Release|Any CPU
		{729999FF-F260-4BB8-9CF5-E85FBB4F0D62}.Debug|Any CPU.ActiveCfg = Debug|Any CPU
		{729999FF-F260-4BB8-9CF5-E85FBB4F0D62}.Debug|Any CPU.Build.0 = Debug|Any CPU
		{729999FF-F260-4BB8-9CF5-E85FBB4F0D62}.Release|Any CPU.ActiveCfg = Release|Any CPU
		{729999FF-F260-4BB8-9CF5-E85FBB4F0D62}.Release|Any CPU.Build.0 = Release|Any CPU
		{253660B3-6EC6-48C3-97F3-D6FC6BE54A50}.Debug|Any CPU.ActiveCfg = Debug|Any CPU
		{253660B3-6EC6-48C3-97F3-D6FC6BE54A50}.Debug|Any CPU.Build.0 = Debug|Any CPU
		{253660B3-6EC6-48C3-97F3-D6FC6BE54A50}.Release|Any CPU.ActiveCfg = Release|Any CPU
		{253660B3-6EC6-48C3-97F3-D6FC6BE54A50}.Release|Any CPU.Build.0 = Release|Any CPU
		{8704F9EC-5A10-4175-8C0D-D48E7AE20624}.Debug|Any CPU.ActiveCfg = Debug|Any CPU
		{8704F9EC-5A10-4175-8C0D-D48E7AE20624}.Debug|Any CPU.Build.0 = Debug|Any CPU
		{8704F9EC-5A10-4175-8C0D-D48E7AE20624}.Release|Any CPU.ActiveCfg = Release|Any CPU
		{8704F9EC-5A10-4175-8C0D-D48E7AE20624}.Release|Any CPU.Build.0 = Release|Any CPU
		{A4B9EB68-517B-43CC-B9CE-7D931D397B19}.Debug|Any CPU.ActiveCfg = Debug|Any CPU
		{A4B9EB68-517B-43CC-B9CE-7D931D397B19}.Debug|Any CPU.Build.0 = Debug|Any CPU
		{A4B9EB68-517B-43CC-B9CE-7D931D397B19}.Release|Any CPU.ActiveCfg = Release|Any CPU
		{A4B9EB68-517B-43CC-B9CE-7D931D397B19}.Release|Any CPU.Build.0 = Release|Any CPU
		{FCCC6FB1-F0F9-4A7F-BCA8-7417F378BC55}.Debug|Any CPU.ActiveCfg = Debug|Any CPU
		{FCCC6FB1-F0F9-4A7F-BCA8-7417F378BC55}.Debug|Any CPU.Build.0 = Debug|Any CPU
		{FCCC6FB1-F0F9-4A7F-BCA8-7417F378BC55}.Release|Any CPU.ActiveCfg = Release|Any CPU
		{FCCC6FB1-F0F9-4A7F-BCA8-7417F378BC55}.Release|Any CPU.Build.0 = Release|Any CPU
	EndGlobalSection
	GlobalSection(SolutionProperties) = preSolution
		HideSolutionNode = FALSE
	EndGlobalSection
	GlobalSection(NestedProjects) = preSolution
		{71763B9F-E4E0-49FB-A632-4075C6D140F2} = {050C2083-22DB-420D-A317-A4303228F4FB}
		{050C2083-22DB-420D-A317-A4303228F4FB} = {FCEE1F1A-785F-4B28-A165-A1102F570DBB}
		{CD33DCD6-2F1A-436A-947B-45D4A9CD7521} = {FCEE1F1A-785F-4B28-A165-A1102F570DBB}
		{D84778EA-5B2F-48E0-9155-810BC174BA45} = {CD33DCD6-2F1A-436A-947B-45D4A9CD7521}
		{84FE1037-A255-49B6-9538-360F1FF487F7} = {FCEE1F1A-785F-4B28-A165-A1102F570DBB}
		{6FE4F56E-566E-4AB3-AE81-61D1C9DE2CA1} = {84FE1037-A255-49B6-9538-360F1FF487F7}
		{0006035F-9AC7-4070-9176-1FF5F322380D} = {FCEE1F1A-785F-4B28-A165-A1102F570DBB}
		{27E15436-0467-4B7F-96DE-D1DAC59F5746} = {0006035F-9AC7-4070-9176-1FF5F322380D}
		{97759637-36F9-4FF4-A878-D9FA908E45FE} = {FCEE1F1A-785F-4B28-A165-A1102F570DBB}
		{E32733A7-D228-45FA-8515-B07E1D9DE869} = {97759637-36F9-4FF4-A878-D9FA908E45FE}
		{09467F29-C79F-4D4C-B48A-52287C705C8C} = {9DF07768-E2D2-45CB-A7B0-E8738B65F642}
		{D2B04B1A-2A04-4FC7-A49F-5479EF661926} = {09467F29-C79F-4D4C-B48A-52287C705C8C}
		{FEEE2313-F32D-473C-9C6D-7670EA087A1B} = {9DF07768-E2D2-45CB-A7B0-E8738B65F642}
		{E7EA6917-A5F4-4868-BEDC-D78F7241A618} = {FEEE2313-F32D-473C-9C6D-7670EA087A1B}
		{66AEDE37-9BE4-4721-9CB5-28AC2694CA35} = {9DF07768-E2D2-45CB-A7B0-E8738B65F642}
		{A659443A-AEEF-4D89-9AFE-ECA0D271D1F8} = {66AEDE37-9BE4-4721-9CB5-28AC2694CA35}
		{0D5D9BAC-4BEC-4A8C-865A-BBFFF3871E5F} = {9DF07768-E2D2-45CB-A7B0-E8738B65F642}
		{44DEA158-2DF8-4274-A18C-34E26E3F09E9} = {0D5D9BAC-4BEC-4A8C-865A-BBFFF3871E5F}
		{FB6EC13D-78E5-47B0-9406-42E1662B3893} = {9DF07768-E2D2-45CB-A7B0-E8738B65F642}
		{37983778-8A58-4D09-8C2E-EC65567BBB2A} = {FB6EC13D-78E5-47B0-9406-42E1662B3893}
		{FD99D84B-2955-444D-A0AF-0C7C79026897} = {9DF07768-E2D2-45CB-A7B0-E8738B65F642}
		{570EF3A7-D833-4F86-9363-758FD2C9D9D5} = {FD99D84B-2955-444D-A0AF-0C7C79026897}
		{152BB2B9-DC3F-4481-B7D2-2C70B20487F1} = {9DF07768-E2D2-45CB-A7B0-E8738B65F642}
		{46368D1D-2C58-4D90-ACCF-C203C271E905} = {152BB2B9-DC3F-4481-B7D2-2C70B20487F1}
		{81F88B90-B017-44BC-A9A6-7373A4AD3632} = {9DF07768-E2D2-45CB-A7B0-E8738B65F642}
		{28F1357E-EFE2-470D-AFDE-0E702721BDF1} = {81F88B90-B017-44BC-A9A6-7373A4AD3632}
		{B625F205-F6BF-41B0-8F38-96E5AF36E077} = {DF94BA68-3617-43AB-B977-B943666756C9}
		{69BB4B3D-8819-401A-AA60-E80AC4E704BE} = {B625F205-F6BF-41B0-8F38-96E5AF36E077}
		{7ED83B5E-72DC-4BC7-B359-CAD709C6CA99} = {DF94BA68-3617-43AB-B977-B943666756C9}
		{4CFA7F73-0C84-493C-BDB7-FCF6D4AEEF8D} = {7ED83B5E-72DC-4BC7-B359-CAD709C6CA99}
		{E6A5891C-DD7C-4605-A9A5-D066B0CED788} = {DF94BA68-3617-43AB-B977-B943666756C9}
		{3AEAC068-E1B9-417A-A88B-465D305651FA} = {E6A5891C-DD7C-4605-A9A5-D066B0CED788}
		{E0F75021-B756-4CBF-B8B5-230CC6E5B09D} = {DF94BA68-3617-43AB-B977-B943666756C9}
		{A15B5E82-7130-4266-AD1B-9F679CD4FB67} = {E0F75021-B756-4CBF-B8B5-230CC6E5B09D}
		{5A60DB3F-D350-4268-A788-903D691903A0} = {DF94BA68-3617-43AB-B977-B943666756C9}
		{261356C5-4BBF-4C4C-A7B4-2BD8F9E42A1B} = {5A60DB3F-D350-4268-A788-903D691903A0}
		{438FD6F8-E313-41C0-A7AE-D8F14C6A5B02} = {DF94BA68-3617-43AB-B977-B943666756C9}
		{1E6378D0-5F73-4C30-87EE-B3D68A76B001} = {438FD6F8-E313-41C0-A7AE-D8F14C6A5B02}
		{B6768651-3E07-48CF-A107-D79BE74BF908} = {DF94BA68-3617-43AB-B977-B943666756C9}
		{45D65280-4F94-41B6-87B0-C038D8CBE0C3} = {B6768651-3E07-48CF-A107-D79BE74BF908}
		{59C76E89-B2AC-4F60-977B-A0E82EC78CED} = {DF94BA68-3617-43AB-B977-B943666756C9}
		{729999FF-F260-4BB8-9CF5-E85FBB4F0D62} = {59C76E89-B2AC-4F60-977B-A0E82EC78CED}
		{8532E4F2-C83E-4CA5-A3C9-9ED3EFE927A6} = {DF94BA68-3617-43AB-B977-B943666756C9}
		{253660B3-6EC6-48C3-97F3-D6FC6BE54A50} = {8532E4F2-C83E-4CA5-A3C9-9ED3EFE927A6}
		{54A6A74C-9C31-483A-9453-5783E811C536} = {DF94BA68-3617-43AB-B977-B943666756C9}
		{C1B67A9C-84CB-46D8-B6B0-57D39766BA63} = {DF94BA68-3617-43AB-B977-B943666756C9}
		{FE0095C4-B44F-4475-B7E9-F8F46EA08AF8} = {DF94BA68-3617-43AB-B977-B943666756C9}
		{8704F9EC-5A10-4175-8C0D-D48E7AE20624} = {54A6A74C-9C31-483A-9453-5783E811C536}
		{A4B9EB68-517B-43CC-B9CE-7D931D397B19} = {C1B67A9C-84CB-46D8-B6B0-57D39766BA63}
		{FCCC6FB1-F0F9-4A7F-BCA8-7417F378BC55} = {FE0095C4-B44F-4475-B7E9-F8F46EA08AF8}
	EndGlobalSection
	GlobalSection(ExtensibilityGlobals) = postSolution
		SolutionGuid = {22EF741F-36DD-4A12-BC57-E0E6C9CD2281}
	EndGlobalSection
EndGlobal
